// !$*UTF8*$!
{
	archiveVersion = 1;
	classes = {
	};
	objectVersion = 46;
	objects = {

/* Begin PBXBuildFile section */
		A116A83E1C82A5870000FFB5 /* OrangeButton.png in Resources */ = {isa = PBXBuildFile; fileRef = A116A83D1C82A5870000FFB5 /* OrangeButton.png */; };
		A116A8401C82A6510000FFB5 /* SnapShotButton.png in Resources */ = {isa = PBXBuildFile; fileRef = A116A83F1C82A6500000FFB5 /* SnapShotButton.png */; };
		A116A8441C839CB50000FFB5 /* Damion-Regular.ttf in Resources */ = {isa = PBXBuildFile; fileRef = A116A8431C839CB50000FFB5 /* Damion-Regular.ttf */; };
		A116A8491C839D320000FFB5 /* Quicksand-Regular.ttf in Resources */ = {isa = PBXBuildFile; fileRef = A116A8481C839D320000FFB5 /* Quicksand-Regular.ttf */; };
		A116A84B1C839D430000FFB5 /* DancingScript-Regular.ttf in Resources */ = {isa = PBXBuildFile; fileRef = A116A84A1C839D430000FFB5 /* DancingScript-Regular.ttf */; };
		A116A84D1C83A28A0000FFB5 /* GrapeFruitCamButton.png in Resources */ = {isa = PBXBuildFile; fileRef = A116A84C1C83A28A0000FFB5 /* GrapeFruitCamButton.png */; };
		A116A84F1C83FF710000FFB5 /* SizedOrangeButton.png in Resources */ = {isa = PBXBuildFile; fileRef = A116A84E1C83FF710000FFB5 /* SizedOrangeButton.png */; };
		A158BDDB1C9710980063E183 /* NutritionViewController.swift in Sources */ = {isa = PBXBuildFile; fileRef = A158BDDA1C9710980063E183 /* NutritionViewController.swift */; };
		A158BDE21C97CA740063E183 /* dragonfruitUser.jpg in Resources */ = {isa = PBXBuildFile; fileRef = A158BDE01C97CA740063E183 /* dragonfruitUser.jpg */; };
		A158BDE31C97CA740063E183 /* dragonfruitDatabase.jpg in Resources */ = {isa = PBXBuildFile; fileRef = A158BDE11C97CA740063E183 /* dragonfruitDatabase.jpg */; };
		A15909E31C94B3D100B07ABF /* VegeInfoTableViewController.swift in Sources */ = {isa = PBXBuildFile; fileRef = A15909E21C94B3D100B07ABF /* VegeInfoTableViewController.swift */; };
		A15B6B2E1C869A370098A1D4 /* MoreVegetables.png in Resources */ = {isa = PBXBuildFile; fileRef = A15B6B2D1C869A370098A1D4 /* MoreVegetables.png */; };
		A15B6B321C869BC60098A1D4 /* Veges.png in Resources */ = {isa = PBXBuildFile; fileRef = A15B6B311C869BC60098A1D4 /* Veges.png */; };
		A187C8821C7CA25800DC5C23 /* AppDelegate.swift in Sources */ = {isa = PBXBuildFile; fileRef = A187C8811C7CA25800DC5C23 /* AppDelegate.swift */; };
		A187C8841C7CA25800DC5C23 /* ViewController.swift in Sources */ = {isa = PBXBuildFile; fileRef = A187C8831C7CA25800DC5C23 /* ViewController.swift */; };
		A187C8871C7CA25800DC5C23 /* Main.storyboard in Resources */ = {isa = PBXBuildFile; fileRef = A187C8851C7CA25800DC5C23 /* Main.storyboard */; };
		A187C8891C7CA25800DC5C23 /* Assets.xcassets in Resources */ = {isa = PBXBuildFile; fileRef = A187C8881C7CA25800DC5C23 /* Assets.xcassets */; };
		A187C88C1C7CA25800DC5C23 /* LaunchScreen.storyboard in Resources */ = {isa = PBXBuildFile; fileRef = A187C88A1C7CA25800DC5C23 /* LaunchScreen.storyboard */; };
/* End PBXBuildFile section */

/* Begin PBXFileReference section */
		A116A83D1C82A5870000FFB5 /* OrangeButton.png */ = {isa = PBXFileReference; lastKnownFileType = image.png; path = OrangeButton.png; sourceTree = "<group>"; };
		A116A83F1C82A6500000FFB5 /* SnapShotButton.png */ = {isa = PBXFileReference; lastKnownFileType = image.png; path = SnapShotButton.png; sourceTree = "<group>"; };
		A116A8431C839CB50000FFB5 /* Damion-Regular.ttf */ = {isa = PBXFileReference; lastKnownFileType = file; path = "Damion-Regular.ttf"; sourceTree = "<group>"; };
		A116A8481C839D320000FFB5 /* Quicksand-Regular.ttf */ = {isa = PBXFileReference; lastKnownFileType = file; path = "Quicksand-Regular.ttf"; sourceTree = "<group>"; };
		A116A84A1C839D430000FFB5 /* DancingScript-Regular.ttf */ = {isa = PBXFileReference; lastKnownFileType = file; path = "DancingScript-Regular.ttf"; sourceTree = "<group>"; };
		A116A84C1C83A28A0000FFB5 /* GrapeFruitCamButton.png */ = {isa = PBXFileReference; lastKnownFileType = image.png; path = GrapeFruitCamButton.png; sourceTree = "<group>"; };
		A116A84E1C83FF710000FFB5 /* SizedOrangeButton.png */ = {isa = PBXFileReference; lastKnownFileType = image.png; path = SizedOrangeButton.png; sourceTree = "<group>"; };
		A158BDDA1C9710980063E183 /* NutritionViewController.swift */ = {isa = PBXFileReference; fileEncoding = 4; lastKnownFileType = sourcecode.swift; path = NutritionViewController.swift; sourceTree = "<group>"; };
		A158BDE01C97CA740063E183 /* dragonfruitUser.jpg */ = {isa = PBXFileReference; lastKnownFileType = image.jpeg; path = dragonfruitUser.jpg; sourceTree = "<group>"; };
		A158BDE11C97CA740063E183 /* dragonfruitDatabase.jpg */ = {isa = PBXFileReference; lastKnownFileType = image.jpeg; path = dragonfruitDatabase.jpg; sourceTree = "<group>"; };
		A15909E21C94B3D100B07ABF /* VegeInfoTableViewController.swift */ = {isa = PBXFileReference; fileEncoding = 4; lastKnownFileType = sourcecode.swift; path = VegeInfoTableViewController.swift; sourceTree = "<group>"; };
		A15B6B2D1C869A370098A1D4 /* MoreVegetables.png */ = {isa = PBXFileReference; lastKnownFileType = image.png; path = MoreVegetables.png; sourceTree = "<group>"; };
		A15B6B311C869BC60098A1D4 /* Veges.png */ = {isa = PBXFileReference; lastKnownFileType = image.png; path = Veges.png; sourceTree = "<group>"; };
		A187C87E1C7CA25800DC5C23 /* VegeTable.app */ = {isa = PBXFileReference; explicitFileType = wrapper.application; includeInIndex = 0; path = VegeTable.app; sourceTree = BUILT_PRODUCTS_DIR; };
		A187C8811C7CA25800DC5C23 /* AppDelegate.swift */ = {isa = PBXFileReference; lastKnownFileType = sourcecode.swift; path = AppDelegate.swift; sourceTree = "<group>"; };
		A187C8831C7CA25800DC5C23 /* ViewController.swift */ = {isa = PBXFileReference; lastKnownFileType = sourcecode.swift; path = ViewController.swift; sourceTree = "<group>"; };
		A187C8861C7CA25800DC5C23 /* Base */ = {isa = PBXFileReference; lastKnownFileType = file.storyboard; name = Base; path = Base.lproj/Main.storyboard; sourceTree = "<group>"; };
		A187C8881C7CA25800DC5C23 /* Assets.xcassets */ = {isa = PBXFileReference; lastKnownFileType = folder.assetcatalog; path = Assets.xcassets; sourceTree = "<group>"; };
		A187C88B1C7CA25800DC5C23 /* Base */ = {isa = PBXFileReference; lastKnownFileType = file.storyboard; name = Base; path = Base.lproj/LaunchScreen.storyboard; sourceTree = "<group>"; };
		A187C88D1C7CA25800DC5C23 /* Info.plist */ = {isa = PBXFileReference; lastKnownFileType = text.plist.xml; path = Info.plist; sourceTree = "<group>"; };
/* End PBXFileReference section */

/* Begin PBXFrameworksBuildPhase section */
		A187C87B1C7CA25800DC5C23 /* Frameworks */ = {
			isa = PBXFrameworksBuildPhase;
			buildActionMask = 2147483647;
			files = (
			);
			runOnlyForDeploymentPostprocessing = 0;
		};
/* End PBXFrameworksBuildPhase section */

/* Begin PBXGroup section */
		A116A8341C829E6F0000FFB5 /* Images */ = {
			isa = PBXGroup;
			children = (
				A158BDE01C97CA740063E183 /* dragonfruitUser.jpg */,
				A158BDE11C97CA740063E183 /* dragonfruitDatabase.jpg */,
				A15B6B311C869BC60098A1D4 /* Veges.png */,
				A15B6B2D1C869A370098A1D4 /* MoreVegetables.png */,
				A116A84E1C83FF710000FFB5 /* SizedOrangeButton.png */,
				A116A84C1C83A28A0000FFB5 /* GrapeFruitCamButton.png */,
				A116A83F1C82A6500000FFB5 /* SnapShotButton.png */,
				A116A83D1C82A5870000FFB5 /* OrangeButton.png */,
			);
			name = Images;
			sourceTree = "<group>";
		};
		A116A8471C839CCF0000FFB5 /* Fonts */ = {
			isa = PBXGroup;
			children = (
				A116A84A1C839D430000FFB5 /* DancingScript-Regular.ttf */,
				A116A8481C839D320000FFB5 /* Quicksand-Regular.ttf */,
				A116A8431C839CB50000FFB5 /* Damion-Regular.ttf */,
			);
			name = Fonts;
			sourceTree = "<group>";
		};
		A187C8751C7CA25800DC5C23 = {
			isa = PBXGroup;
			children = (
				A187C8801C7CA25800DC5C23 /* VegeTable */,
				A187C87F1C7CA25800DC5C23 /* Products */,
			);
			sourceTree = "<group>";
		};
		A187C87F1C7CA25800DC5C23 /* Products */ = {
			isa = PBXGroup;
			children = (
				A187C87E1C7CA25800DC5C23 /* VegeTable.app */,
			);
			name = Products;
			sourceTree = "<group>";
		};
		A187C8801C7CA25800DC5C23 /* VegeTable */ = {
			isa = PBXGroup;
			children = (
				A116A8471C839CCF0000FFB5 /* Fonts */,
				A116A8341C829E6F0000FFB5 /* Images */,
				A187C8811C7CA25800DC5C23 /* AppDelegate.swift */,
				A187C8831C7CA25800DC5C23 /* ViewController.swift */,
				A15909E21C94B3D100B07ABF /* VegeInfoTableViewController.swift */,
				A187C8851C7CA25800DC5C23 /* Main.storyboard */,
				A158BDDA1C9710980063E183 /* NutritionViewController.swift */,
				A187C8881C7CA25800DC5C23 /* Assets.xcassets */,
				A187C88A1C7CA25800DC5C23 /* LaunchScreen.storyboard */,
				A187C88D1C7CA25800DC5C23 /* Info.plist */,
			);
			path = VegeTable;
			sourceTree = "<group>";
		};
/* End PBXGroup section */

/* Begin PBXNativeTarget section */
		A187C87D1C7CA25800DC5C23 /* VegeTable */ = {
			isa = PBXNativeTarget;
			buildConfigurationList = A187C8901C7CA25800DC5C23 /* Build configuration list for PBXNativeTarget "VegeTable" */;
			buildPhases = (
				A187C87A1C7CA25800DC5C23 /* Sources */,
				A187C87B1C7CA25800DC5C23 /* Frameworks */,
				A187C87C1C7CA25800DC5C23 /* Resources */,
			);
			buildRules = (
			);
			dependencies = (
			);
			name = VegeTable;
			productName = VegeTable;
			productReference = A187C87E1C7CA25800DC5C23 /* VegeTable.app */;
			productType = "com.apple.product-type.application";
		};
/* End PBXNativeTarget section */

/* Begin PBXProject section */
		A187C8761C7CA25800DC5C23 /* Project object */ = {
			isa = PBXProject;
			attributes = {
				LastSwiftUpdateCheck = 0720;
				LastUpgradeCheck = 0720;
				ORGANIZATIONNAME = "Brian Tan";
				TargetAttributes = {
					A187C87D1C7CA25800DC5C23 = {
						CreatedOnToolsVersion = 7.2;
						DevelopmentTeam = G724EY77FK;
					};
				};
			};
			buildConfigurationList = A187C8791C7CA25800DC5C23 /* Build configuration list for PBXProject "VegeTable" */;
			compatibilityVersion = "Xcode 3.2";
			developmentRegion = English;
			hasScannedForEncodings = 0;
			knownRegions = (
				en,
				Base,
			);
			mainGroup = A187C8751C7CA25800DC5C23;
			productRefGroup = A187C87F1C7CA25800DC5C23 /* Products */;
			projectDirPath = "";
			projectRoot = "";
			targets = (
				A187C87D1C7CA25800DC5C23 /* VegeTable */,
			);
		};
/* End PBXProject section */

/* Begin PBXResourcesBuildPhase section */
		A187C87C1C7CA25800DC5C23 /* Resources */ = {
			isa = PBXResourcesBuildPhase;
			buildActionMask = 2147483647;
			files = (
				A158BDE31C97CA740063E183 /* dragonfruitDatabase.jpg in Resources */,
				A116A84D1C83A28A0000FFB5 /* GrapeFruitCamButton.png in Resources */,
				A187C88C1C7CA25800DC5C23 /* LaunchScreen.storyboard in Resources */,
				A15B6B321C869BC60098A1D4 /* Veges.png in Resources */,
				A187C8891C7CA25800DC5C23 /* Assets.xcassets in Resources */,
				A158BDE21C97CA740063E183 /* dragonfruitUser.jpg in Resources */,
				A116A83E1C82A5870000FFB5 /* OrangeButton.png in Resources */,
				A116A8491C839D320000FFB5 /* Quicksand-Regular.ttf in Resources */,
				A15B6B2E1C869A370098A1D4 /* MoreVegetables.png in Resources */,
				A116A8401C82A6510000FFB5 /* SnapShotButton.png in Resources */,
				A187C8871C7CA25800DC5C23 /* Main.storyboard in Resources */,
				A116A84F1C83FF710000FFB5 /* SizedOrangeButton.png in Resources */,
				A116A8441C839CB50000FFB5 /* Damion-Regular.ttf in Resources */,
				A116A84B1C839D430000FFB5 /* DancingScript-Regular.ttf in Resources */,
			);
			runOnlyForDeploymentPostprocessing = 0;
		};
/* End PBXResourcesBuildPhase section */

/* Begin PBXSourcesBuildPhase section */
		A187C87A1C7CA25800DC5C23 /* Sources */ = {
			isa = PBXSourcesBuildPhase;
			buildActionMask = 2147483647;
			files = (
				A187C8841C7CA25800DC5C23 /* ViewController.swift in Sources */,
				A15909E31C94B3D100B07ABF /* VegeInfoTableViewController.swift in Sources */,
				A187C8821C7CA25800DC5C23 /* AppDelegate.swift in Sources */,
				A158BDDB1C9710980063E183 /* NutritionViewController.swift in Sources */,
			);
			runOnlyForDeploymentPostprocessing = 0;
		};
/* End PBXSourcesBuildPhase section */

/* Begin PBXVariantGroup section */
		A187C8851C7CA25800DC5C23 /* Main.storyboard */ = {
			isa = PBXVariantGroup;
			children = (
				A187C8861C7CA25800DC5C23 /* Base */,
			);
			name = Main.storyboard;
			sourceTree = "<group>";
		};
		A187C88A1C7CA25800DC5C23 /* LaunchScreen.storyboard */ = {
			isa = PBXVariantGroup;
			children = (
				A187C88B1C7CA25800DC5C23 /* Base */,
			);
			name = LaunchScreen.storyboard;
			sourceTree = "<group>";
		};
/* End PBXVariantGroup section */

/* Begin XCBuildConfiguration section */
		A187C88E1C7CA25800DC5C23 /* Debug */ = {
			isa = XCBuildConfiguration;
			buildSettings = {
				ALWAYS_SEARCH_USER_PATHS = NO;
				CLANG_CXX_LANGUAGE_STANDARD = "gnu++0x";
				CLANG_CXX_LIBRARY = "libc++";
				CLANG_ENABLE_MODULES = YES;
				CLANG_ENABLE_OBJC_ARC = YES;
				CLANG_WARN_BOOL_CONVERSION = YES;
				CLANG_WARN_CONSTANT_CONVERSION = YES;
				CLANG_WARN_DIRECT_OBJC_ISA_USAGE = YES_ERROR;
				CLANG_WARN_EMPTY_BODY = YES;
				CLANG_WARN_ENUM_CONVERSION = YES;
				CLANG_WARN_INT_CONVERSION = YES;
				CLANG_WARN_OBJC_ROOT_CLASS = YES_ERROR;
				CLANG_WARN_UNREACHABLE_CODE = YES;
				CLANG_WARN__DUPLICATE_METHOD_MATCH = YES;
				"CODE_SIGN_IDENTITY[sdk=iphoneos*]" = "iPhone Developer";
				COPY_PHASE_STRIP = NO;
				DEBUG_INFORMATION_FORMAT = dwarf;
				ENABLE_STRICT_OBJC_MSGSEND = YES;
				ENABLE_TESTABILITY = YES;
				GCC_C_LANGUAGE_STANDARD = gnu99;
				GCC_DYNAMIC_NO_PIC = NO;
				GCC_NO_COMMON_BLOCKS = YES;
				GCC_OPTIMIZATION_LEVEL = 0;
				GCC_PREPROCESSOR_DEFINITIONS = (
					"DEBUG=1",
					"$(inherited)",
				);
				GCC_WARN_64_TO_32_BIT_CONVERSION = YES;
				GCC_WARN_ABOUT_RETURN_TYPE = YES_ERROR;
				GCC_WARN_UNDECLARED_SELECTOR = YES;
				GCC_WARN_UNINITIALIZED_AUTOS = YES_AGGRESSIVE;
				GCC_WARN_UNUSED_FUNCTION = YES;
				GCC_WARN_UNUSED_VARIABLE = YES;
				IPHONEOS_DEPLOYMENT_TARGET = 9.2;
				MTL_ENABLE_DEBUG_INFO = YES;
				ONLY_ACTIVE_ARCH = YES;
				SDKROOT = iphoneos;
				SWIFT_OPTIMIZATION_LEVEL = "-Onone";
				TARGETED_DEVICE_FAMILY = "1,2";
			};
			name = Debug;
		};
		A187C88F1C7CA25800DC5C23 /* Release */ = {
			isa = XCBuildConfiguration;
			buildSettings = {
				ALWAYS_SEARCH_USER_PATHS = NO;
				CLANG_CXX_LANGUAGE_STANDARD = "gnu++0x";
				CLANG_CXX_LIBRARY = "libc++";
				CLANG_ENABLE_MODULES = YES;
				CLANG_ENABLE_OBJC_ARC = YES;
				CLANG_WARN_BOOL_CONVERSION = YES;
				CLANG_WARN_CONSTANT_CONVERSION = YES;
				CLANG_WARN_DIRECT_OBJC_ISA_USAGE = YES_ERROR;
				CLANG_WARN_EMPTY_BODY = YES;
				CLANG_WARN_ENUM_CONVERSION = YES;
				CLANG_WARN_INT_CONVERSION = YES;
				CLANG_WARN_OBJC_ROOT_CLASS = YES_ERROR;
				CLANG_WARN_UNREACHABLE_CODE = YES;
				CLANG_WARN__DUPLICATE_METHOD_MATCH = YES;
				"CODE_SIGN_IDENTITY[sdk=iphoneos*]" = "iPhone Developer";
				COPY_PHASE_STRIP = NO;
				DEBUG_INFORMATION_FORMAT = "dwarf-with-dsym";
				ENABLE_NS_ASSERTIONS = NO;
				ENABLE_STRICT_OBJC_MSGSEND = YES;
				GCC_C_LANGUAGE_STANDARD = gnu99;
				GCC_NO_COMMON_BLOCKS = YES;
				GCC_WARN_64_TO_32_BIT_CONVERSION = YES;
				GCC_WARN_ABOUT_RETURN_TYPE = YES_ERROR;
				GCC_WARN_UNDECLARED_SELECTOR = YES;
				GCC_WARN_UNINITIALIZED_AUTOS = YES_AGGRESSIVE;
				GCC_WARN_UNUSED_FUNCTION = YES;
				GCC_WARN_UNUSED_VARIABLE = YES;
				IPHONEOS_DEPLOYMENT_TARGET = 9.2;
				MTL_ENABLE_DEBUG_INFO = NO;
				SDKROOT = iphoneos;
				TARGETED_DEVICE_FAMILY = "1,2";
				VALIDATE_PRODUCT = YES;
			};
			name = Release;
		};
		A187C8911C7CA25800DC5C23 /* Debug */ = {
			isa = XCBuildConfiguration;
			buildSettings = {
				ASSETCATALOG_COMPILER_APPICON_NAME = AppIcon;
				CODE_SIGN_IDENTITY = "iPhone Developer";
				INFOPLIST_FILE = VegeTable/Info.plist;
				LD_RUNPATH_SEARCH_PATHS = "$(inherited) @executable_path/Frameworks";
				PRODUCT_BUNDLE_IDENTIFIER = BrianTan.VegeTable;
				PRODUCT_NAME = "$(TARGET_NAME)";
				TARGETED_DEVICE_FAMILY = 1;
			};
			name = Debug;
		};
		A187C8921C7CA25800DC5C23 /* Release */ = {
			isa = XCBuildConfiguration;
			buildSettings = {
				ASSETCATALOG_COMPILER_APPICON_NAME = AppIcon;
				CODE_SIGN_IDENTITY = "iPhone Developer";
				INFOPLIST_FILE = VegeTable/Info.plist;
				LD_RUNPATH_SEARCH_PATHS = "$(inherited) @executable_path/Frameworks";
				PRODUCT_BUNDLE_IDENTIFIER = BrianTan.VegeTable;
				PRODUCT_NAME = "$(TARGET_NAME)";
				TARGETED_DEVICE_FAMILY = 1;
			};
			name = Release;
		};
/* End XCBuildConfiguration section */

/* Begin XCConfigurationList section */
		A187C8791C7CA25800DC5C23 /* Build configuration list for PBXProject "VegeTable" */ = {
			isa = XCConfigurationList;
			buildConfigurations = (
				A187C88E1C7CA25800DC5C23 /* Debug */,
				A187C88F1C7CA25800DC5C23 /* Release */,
			);
			defaultConfigurationIsVisible = 0;
			defaultConfigurationName = Release;
		};
		A187C8901C7CA25800DC5C23 /* Build configuration list for PBXNativeTarget "VegeTable" */ = {
			isa = XCConfigurationList;
			buildConfigurations = (
				A187C8911C7CA25800DC5C23 /* Debug */,
				A187C8921C7CA25800DC5C23 /* Release */,
			);
			defaultConfigurationIsVisible = 0;
			defaultConfigurationName = Release;
		};
/* End XCConfigurationList section */
	};
	rootObject = A187C8761C7CA25800DC5C23 /* Project object */;
}
